# THIS IS AN AUTOGENERATED FILE. DO NOT EDIT THIS FILE DIRECTLY.
# yarn lockfile v1


jDataView@~1.1.0:
  version "1.1.0"
  resolved "https://registry.yarnpkg.com/jDataView/-/jDataView-1.1.0.tgz#febdf9b60bf5697b12d890cbdd6f4ada984d362b"
  integrity sha1-/r35tgv1aXsS2JDL3W9K2phNNis=

jdataview@^2.5.0:
  version "2.5.0"
  resolved "https://registry.yarnpkg.com/jdataview/-/jdataview-2.5.0.tgz#3081b3fea651f9317ec6bd4feb2ddc98aa41d595"
  integrity sha1-MIGz/qZR+TF+xr1P6y3cmKpB1ZU=

mca-js@^0.1.1:
  version "0.1.1"
  resolved "https://registry.yarnpkg.com/mca-js/-/mca-js-0.1.1.tgz#8a90664974291b4daa96445266b695a2f7642ffb"
  integrity sha1-ipBmSXQpG02qlkRSZraVovdkL/s=

minecraft-blockinfo@0.2.0:
  version "0.2.0"
  resolved "https://registry.yarnpkg.com/minecraft-blockinfo/-/minecraft-blockinfo-0.2.0.tgz#0b51870a519904661dbe1a0bbe967da76c465069"
  integrity sha1-C1GHClGZBGYdvhoLvpZ9p2xGUGk=

minecraft-chunk@0.3.0:
  version "0.3.0"
  resolved "https://registry.yarnpkg.com/minecraft-chunk/-/minecraft-chunk-0.3.0.tgz#d71425916cc6927587736d8168d6e8ecf0c9e788"
  integrity sha1-1xQlkWzGknWHc22BaNbo7PDJ54g=
  dependencies:
    minecraft-blockinfo "0.2.0"

minecraft-nbt@0.0.2:
  version "0.0.2"
  resolved "https://registry.yarnpkg.com/minecraft-nbt/-/minecraft-nbt-0.0.2.tgz#e0c612f01a33be7386d904eebca5fc0996af9913"
  integrity sha1-4MYS8BozvnOG2QTuvKX8CZavmRM=
  dependencies:
    jDataView "~1.1.0"

nbt-js@^0.1.0:
  version "0.1.0"
  resolved "https://registry.yarnpkg.com/nbt-js/-/nbt-js-0.1.0.tgz#92866fc47d885739db56db6f1c587061826bc018"
  integrity sha1-koZvxH2IVznbVttvHFhwYYJrwBg=
